
Microsoft Visual Studio Solution File, Format Version 12.00
# Visual Studio Version 17
VisualStudioVersion = 17.14.36212.18
MinimumVisualStudioVersion = 10.0.40219.1
Project("{FAE04EC0-301F-11D3-BF4B-00C04F79EFBC}") = "Controller.Web", "Sirma.Employees\Controller.Web.csproj", "{6DF571A5-D0FE-4476-8C67-A7444CCDF623}"
EndProject
Project("{FAE04EC0-301F-11D3-BF4B-00C04F79EFBC}") = "Infrastructure", "Infrastructure\Infrastructure.csproj", "{EAC5F335-C7E9-4510-B95E-182E406CA729}"
EndProject
Project("{FAE04EC0-301F-11D3-BF4B-00C04F79EFBC}") = "Domains", "Domains\Domains.csproj", "{11FFDD2B-4147-4C1D-B935-AFB5BB5829B7}"
EndProject
Project("{2150E333-8FDC-42A3-9474-1A3956D46DE8}") = "Config", "Config", "{02EA681E-C7D8-13C7-8484-4AC65E1B71E8}"
	ProjectSection(SolutionItems) = preProject
		README.md = README.md
	EndProjectSection
EndProject
Global
	GlobalSection(SolutionConfigurationPlatforms) = preSolution
		Debug|Any CPU = Debug|Any CPU
		Release|Any CPU = Release|Any CPU
	EndGlobalSection
	GlobalSection(ProjectConfigurationPlatforms) = postSolution
		{6DF571A5-D0FE-4476-8C67-A7444CCDF623}.Debug|Any CPU.ActiveCfg = Debug|Any CPU
		{6DF571A5-D0FE-4476-8C67-A7444CCDF623}.Debug|Any CPU.Build.0 = Debug|Any CPU
		{6DF571A5-D0FE-4476-8C67-A7444CCDF623}.Release|Any CPU.ActiveCfg = Release|Any CPU
		{6DF571A5-D0FE-4476-8C67-A7444CCDF623}.Release|Any CPU.Build.0 = Release|Any CPU
		{EAC5F335-C7E9-4510-B95E-182E406CA729}.Debug|Any CPU.ActiveCfg = Debug|Any CPU
		{EAC5F335-C7E9-4510-B95E-182E406CA729}.Debug|Any CPU.Build.0 = Debug|Any CPU
		{EAC5F335-C7E9-4510-B95E-182E406CA729}.Release|Any CPU.ActiveCfg = Release|Any CPU
		{EAC5F335-C7E9-4510-B95E-182E406CA729}.Release|Any CPU.Build.0 = Release|Any CPU
		{11FFDD2B-4147-4C1D-B935-AFB5BB5829B7}.Debug|Any CPU.ActiveCfg = Debug|Any CPU
		{11FFDD2B-4147-4C1D-B935-AFB5BB5829B7}.Debug|Any CPU.Build.0 = Debug|Any CPU
		{11FFDD2B-4147-4C1D-B935-AFB5BB5829B7}.Release|Any CPU.ActiveCfg = Release|Any CPU
		{11FFDD2B-4147-4C1D-B935-AFB5BB5829B7}.Release|Any CPU.Build.0 = Release|Any CPU
	EndGlobalSection
	GlobalSection(SolutionProperties) = preSolution
		HideSolutionNode = FALSE
	EndGlobalSection
	GlobalSection(ExtensibilityGlobals) = postSolution
		SolutionGuid = {98274CD3-6A13-449F-9C8C-28537A798AC0}
	EndGlobalSection
EndGlobal
